
Microsoft Visual Studio Solution File, Format Version 12.00
# Visual Studio Version 16
VisualStudioVersion = 16.0.30104.148
MinimumVisualStudioVersion = 10.0.40219.1
Project("{FAE04EC0-301F-11D3-BF4B-00C04F79EFBC}") = "advancedBreakpoint0", "advancedBreakpoint0\advancedBreakpoint0.csproj", "{86CAAB46-5115-4DC6-8EA3-0F081DF29D5A}"
EndProject
Global
	GlobalSection(SolutionConfigurationPlatforms) = preSolution
		Debug|Any CPU = Debug|Any CPU
		Release|Any CPU = Release|Any CPU
	EndGlobalSection
	GlobalSection(ProjectConfigurationPlatforms) = postSolution
		{86CAAB46-5115-4DC6-8EA3-0F081DF29D5A}.Debug|Any CPU.ActiveCfg = Debug|Any CPU
		{86CAAB46-5115-4DC6-8EA3-0F081DF29D5A}.Debug|Any CPU.Build.0 = Debug|Any CPU
		{86CAAB46-5115-4DC6-8EA3-0F081DF29D5A}.Release|Any CPU.ActiveCfg = Release|Any CPU
		{86CAAB46-5115-4DC6-8EA3-0F081DF29D5A}.Release|Any CPU.Build.0 = Release|Any CPU
	EndGlobalSection
	GlobalSection(SolutionProperties) = preSolution
		HideSolutionNode = FALSE
	EndGlobalSection
	GlobalSection(ExtensibilityGlobals) = postSolution
		SolutionGuid = {9684DFAE-51EF-46E6-AEFC-DE7FB05C11EE}
	EndGlobalSection
EndGlobal
